# THIS IS AN AUTOGENERATED FILE. DO NOT EDIT THIS FILE DIRECTLY.
# yarn lockfile v1


feed@^4.2.1:
  version "4.2.1"
  resolved "https://registry.npm.taobao.org/feed/download/feed-4.2.1.tgz#b246ef891051c7dbf088ca203341d9fb0444baee"
  integrity sha1-skbviRBRx9vwiMogM0HZ+wREuu4=
  dependencies:
    xml-js "^1.6.11"

node-fetch@^2.6.1:
  version "2.6.1"
  resolved "https://registry.npm.taobao.org/node-fetch/download/node-fetch-2.6.1.tgz?cache=0&sync_timestamp=1599309198465&other_urls=https%3A%2F%2Fregistry.npm.taobao.org%2Fnode-fetch%2Fdownload%2Fnode-fetch-2.6.1.tgz#045bd323631f76ed2e2b55573394416b639a0052"
  integrity sha1-BFvTI2Mfdu0uK1VXM5RBa2OaAFI=

sax@^1.2.4:
  version "1.2.4"
  resolved "https://registry.npm.taobao.org/sax/download/sax-1.2.4.tgz#2816234e2378bddc4e5354fab5caa895df7100d9"
  integrity sha1-KBYjTiN4vdxOU1T6tcqold9xANk=

xml-js@^1.6.11:
  version "1.6.11"
  resolved "https://registry.npm.taobao.org/xml-js/download/xml-js-1.6.11.tgz#927d2f6947f7f1c19a316dd8eea3614e8b18f8e9"
  integrity sha1-kn0vaUf38cGaMW3Y7qNhTosY+Ok=
  dependencies:
    sax "^1.2.4"
